# This file is generated by running "yarn install" inside your project.
# Manual changes might be lost - proceed with caution!

__metadata:
  version: 6
  cacheKey: 8

"@civ-clone/base-spaceship-fuel@npm:^0.1.0":
  version: 0.1.0
  resolution: "@civ-clone/base-spaceship-fuel@npm:0.1.0"
  dependencies:
    "@civ-clone/core-spaceship": ^0.1.0
  checksum: 9f2f8656f3047fcfa015e78ad0edf677846e9b2af0e46d7e8c9f2244f9584649e87701d6ae119595d05514a00f588b558123249c95253faca273da72cdee96cb
  languageName: node
  linkType: hard

"@civ-clone/base-spaceship-habitation@npm:^0.1.0":
  version: 0.1.0
  resolution: "@civ-clone/base-spaceship-habitation@npm:0.1.0"
  dependencies:
    "@civ-clone/core-spaceship": ^0.1.0
  checksum: ba4717acf6b9239f233bf4502c461ed67acdb5f1e1c8e6728585777b1e341a99d7287ca67069a5aa4c7064f6199a1472cfab6563ea37bfbbd18163d2d889a1a6
  languageName: node
  linkType: hard

"@civ-clone/base-spaceship-life-support@npm:^0.1.0":
  version: 0.1.0
  resolution: "@civ-clone/base-spaceship-life-support@npm:0.1.0"
  dependencies:
    "@civ-clone/core-spaceship": ^0.1.0
  checksum: 996e4e53fc3bf28c677327bbf5d7d629adacaaafb6e4bd5d712bc982ab283e9321551d98d980957d4eae81f9da1cf94586170b6629f416979398428a9083de0c
  languageName: node
  linkType: hard

"@civ-clone/base-spaceship-power@npm:^0.1.0":
  version: 0.1.0
  resolution: "@civ-clone/base-spaceship-power@npm:0.1.0"
  dependencies:
    "@civ-clone/core-spaceship": ^0.1.0
  checksum: 16173b54e02ecf4fc92ab47a6088b53c7bbdc5741552ebfbd33e346c58ad45aef8c8cd141de79c2d995aebf0a6bf6c63393fde4c4308a84093408f3bff6552ae
  languageName: node
  linkType: hard

"@civ-clone/base-spaceship-propulsion@npm:^0.1.0":
  version: 0.1.0
  resolution: "@civ-clone/base-spaceship-propulsion@npm:0.1.0"
  dependencies:
    "@civ-clone/core-spaceship": ^0.1.0
  checksum: e5bd3f0b16980124d099121590d46348dab2ddbad68b63f030c44613da7f71be8c84aaabde544bc810abc48c58bbf5e76ec2836fe8154de03535c64740b408e9
  languageName: node
  linkType: hard

"@civ-clone/base-spaceship-structural@npm:^0.1.0":
  version: 0.1.0
  resolution: "@civ-clone/base-spaceship-structural@npm:0.1.0"
  dependencies:
    "@civ-clone/core-spaceship": ^0.1.0
  checksum: 1f1540c65b3fc79d054bfec08b0563309bf8d56ea656205f683a7df78edad8e1219d3c75cfa30574af5b4149420773b5fd172df3d56f76cddf78fa1e10a14c80
  languageName: node
  linkType: hard

"@civ-clone/civ1-default-spaceship-layout@workspace:.":
  version: 0.0.0-use.local
  resolution: "@civ-clone/civ1-default-spaceship-layout@workspace:."
  dependencies:
    "@civ-clone/base-spaceship-fuel": ^0.1.0
    "@civ-clone/base-spaceship-habitation": ^0.1.0
    "@civ-clone/base-spaceship-life-support": ^0.1.0
    "@civ-clone/base-spaceship-power": ^0.1.0
    "@civ-clone/base-spaceship-propulsion": ^0.1.0
    "@civ-clone/base-spaceship-structural": ^0.1.0
    "@civ-clone/core-spaceship": ^0.1.1
    "@types/node": ^14.11.2
    prettier: ^2.1.2
    typescript: ^4.0.3
  languageName: unknown
  linkType: soft

"@civ-clone/core-city-build@npm:^0.1.7":
  version: 0.1.7
  resolution: "@civ-clone/core-city-build@npm:0.1.7"
  dependencies:
    "@civ-clone/core-city": ^0.1.0
    "@civ-clone/core-data-object": ^0.1.0
    "@civ-clone/core-player": ^0.1.0
    "@civ-clone/core-registry": ^0.1.0
    "@civ-clone/core-rule": ^0.1.0
    "@civ-clone/core-yield": ^0.1.0
  checksum: 42f198770d6af31ff566181be7ea1d9d677583a50bd81a63fd3bf39c7298ded3db78fb2b0b27b036df51ad8ce51bf5b990c7aabd1557557917a4027a4b7e39f9
  languageName: node
  linkType: hard

"@civ-clone/core-city@npm:^0.1.0":
  version: 0.1.9
  resolution: "@civ-clone/core-city@npm:0.1.9"
  dependencies:
    "@civ-clone/core-data-object": ^0.1.0
    "@civ-clone/core-player": ^0.1.0
    "@civ-clone/core-registry": ^0.1.0
    "@civ-clone/core-rule": ^0.1.0
    "@civ-clone/core-world": ^0.1.0
    "@civ-clone/core-yield": ^0.1.0
  checksum: e4060e8584cae02410c2e92321a86ed3b66ca1e8cad05928a4b6cf665dc63360a51654a0cbf470f36c000501a1f432259fd00815fa83438590fbaa0cdfeb8b9b
  languageName: node
  linkType: hard

"@civ-clone/core-civilization@npm:^0.1.0":
  version: 0.1.3
  resolution: "@civ-clone/core-civilization@npm:0.1.3"
  dependencies:
    "@civ-clone/core-data-object": ^0.1.0
    "@civ-clone/core-registry": ^0.1.0
    "@civ-clone/core-yield": ^0.1.0
  checksum: 60943d307362aaa3eeabccb04621c9a6e20ff3c1d9c64b9a5b5a80f2bc0d661001c646d3351d925458a58704c266f7266e24e05cc72de1576271cede8808674f
  languageName: node
  linkType: hard

"@civ-clone/core-data-object@npm:^0.1.0, @civ-clone/core-data-object@npm:^0.1.11, @civ-clone/core-data-object@npm:^0.1.9":
  version: 0.1.11
  resolution: "@civ-clone/core-data-object@npm:0.1.11"
  dependencies:
    "@civ-clone/core-registry": ^0.1.0
  checksum: ac5eb85bde09964c47d25c61f00ba9676267c2753de79ac2b02c8191e2c1d76ec01cc66c3704a5e00c5de919f7a220ddda884251f056b54b53f7f17c17a7c804
  languageName: node
  linkType: hard

"@civ-clone/core-engine@npm:^0.1.0":
  version: 0.1.3
  resolution: "@civ-clone/core-engine@npm:0.1.3"
  dependencies:
    "@civ-clone/core-rule": ^0.1.0
    "@dom111/typed-event-emitter": ^0.1.2
  checksum: 10197ee6e675085de3d8845360ae13298f283d26fb2b6acdd2297353ff16e2f34a92c3762c90322c29036ed5fe336d794fb821b1e358f0830643b4ff28566653
  languageName: node
  linkType: hard

"@civ-clone/core-player@npm:^0.1.0, @civ-clone/core-player@npm:^0.1.6, @civ-clone/core-player@npm:^0.1.7":
  version: 0.1.7
  resolution: "@civ-clone/core-player@npm:0.1.7"
  dependencies:
    "@civ-clone/core-civilization": ^0.1.0
    "@civ-clone/core-data-object": ^0.1.0
    "@civ-clone/core-registry": ^0.1.0
    "@civ-clone/core-rule": ^0.1.0
    "@civ-clone/core-world": ^0.1.10
  checksum: f0f4696e039aae4c3b3a3487e7cc8b5e2d780af747a77c51cea20e1e502ee58f1f6571584b767c2f9a967a66b6d5d4e3f711e6c00aebfd2db690de7aced2f3b4
  languageName: node
  linkType: hard

"@civ-clone/core-registry@npm:^0.1.0, @civ-clone/core-registry@npm:^0.1.1":
  version: 0.1.1
  resolution: "@civ-clone/core-registry@npm:0.1.1"
  checksum: 9a4c9e05c90d3cae51c96587981cda472904f92cefa90ee726ddcf6eff0e4b36d63b20c8a1269820f2178021bd04077aed9aa9a1512bf4c5fd1f37b6b8ffdde5
  languageName: node
  linkType: hard

"@civ-clone/core-rule@npm:^0.1.0, @civ-clone/core-rule@npm:^0.1.3":
  version: 0.1.3
  resolution: "@civ-clone/core-rule@npm:0.1.3"
  dependencies:
    "@civ-clone/core-registry": ^0.1.0
  checksum: 53788b8d83ce01adcbde4e979c84f2d8e36e02009af7664a3342a50d3df83beb7e7e82ff5622b34a042b9555d4b9347ec8c59293a56712bca503cf3b10b86e29
  languageName: node
  linkType: hard

"@civ-clone/core-spaceship@npm:^0.1.0, @civ-clone/core-spaceship@npm:^0.1.1":
  version: 0.1.1
  resolution: "@civ-clone/core-spaceship@npm:0.1.1"
  dependencies:
    "@civ-clone/core-city": ^0.1.0
    "@civ-clone/core-city-build": ^0.1.7
    "@civ-clone/core-data-object": ^0.1.11
    "@civ-clone/core-player": ^0.1.7
    "@civ-clone/core-registry": ^0.1.1
    "@civ-clone/core-rule": ^0.1.3
    "@civ-clone/core-turn-based-game": ^0.1.5
    "@civ-clone/core-yield": ^0.1.0
  checksum: d8c22e954521b6b97417f064685a90b759c5764dad970686705c030c65939efdce9afe9fe547d9e15db99e4b2ce29a7ccc1deeaee8627f2c79961cad9f07ced8
  languageName: node
  linkType: hard

"@civ-clone/core-terrain@npm:^0.1.0":
  version: 0.1.2
  resolution: "@civ-clone/core-terrain@npm:0.1.2"
  dependencies:
    "@civ-clone/core-data-object": ^0.1.0
    "@civ-clone/core-registry": ^0.1.0
    "@civ-clone/core-rule": ^0.1.0
  checksum: f6228057898eea5d3dbecf06211e937e2504ec8e123afcf70e07f7768f867bbb0af62be41b0631901ef155f1033066103db0ad1ac04046c1343cfa9399a26bf2
  languageName: node
  linkType: hard

"@civ-clone/core-turn-based-game@npm:^0.1.5":
  version: 0.1.5
  resolution: "@civ-clone/core-turn-based-game@npm:0.1.5"
  dependencies:
    "@civ-clone/core-data-object": ^0.1.9
    "@civ-clone/core-engine": ^0.1.0
    "@civ-clone/core-rule": ^0.1.0
    "@civ-clone/core-yield": ^0.1.0
  checksum: 53fa4fb388e1d7fc667856a686b96873a7457d24ba2a0c08e92f9e107c3e1680f6692f371b1f7fe87b8dc5bde5f516a08e23803f4408bd02481d6343711418ba
  languageName: node
  linkType: hard

"@civ-clone/core-world-generator@npm:^0.1.0":
  version: 0.1.3
  resolution: "@civ-clone/core-world-generator@npm:0.1.3"
  dependencies:
    "@civ-clone/core-player": ^0.1.6
    "@civ-clone/core-registry": ^0.1.0
    "@civ-clone/core-rule": ^0.1.0
    "@civ-clone/core-terrain": ^0.1.0
    "@civ-clone/core-world": ^0.1.10
  checksum: 18114800d925ecf41c1b75c0336d70f89a1688834a94cb3b07b6e27fc1cc900b7f9e64391492107983d5901ca94466252179a384f53b1c1430cde9ef0521c941
  languageName: node
  linkType: hard

"@civ-clone/core-world@npm:^0.1.0, @civ-clone/core-world@npm:^0.1.10":
  version: 0.1.10
  resolution: "@civ-clone/core-world@npm:0.1.10"
  dependencies:
    "@civ-clone/core-data-object": ^0.1.0
    "@civ-clone/core-player": ^0.1.0
    "@civ-clone/core-registry": ^0.1.0
    "@civ-clone/core-rule": ^0.1.0
    "@civ-clone/core-terrain": ^0.1.0
    "@civ-clone/core-world-generator": ^0.1.0
    "@civ-clone/core-yield": ^0.1.0
  checksum: cc59bc8ae73ced33d72c23f5874baa8d7309078315d8b12c1484b5a2b7f6a970f780b55690f07b90c93dbd691f84893002e6fd8bbce33d8095c2b08c3ca04849
  languageName: node
  linkType: hard

"@civ-clone/core-yield@npm:^0.1.0":
  version: 0.1.4
  resolution: "@civ-clone/core-yield@npm:0.1.4"
  dependencies:
    "@civ-clone/core-data-object": ^0.1.0
    "@civ-clone/core-registry": ^0.1.0
  checksum: 42ee571552acdc0bf039f98ef6b5b0b11b6f691a716eb027ecbc3f4215c63cb0db0793718dc08f1a27bc85accf39b67a834529eb17f5d4aab4d40e5df4e0e0a1
  languageName: node
  linkType: hard

"@dom111/typed-event-emitter@npm:^0.1.2":
  version: 0.1.2
  resolution: "@dom111/typed-event-emitter@npm:0.1.2"
  checksum: 77cd217ccb47ade8b6b3ab3afeb9502f0f48703c77c837d5e6ddce8e174a310bc53c11fc209972a0483dd057f14d4e3f3258ceb3cd710e9f9cb7ac157837f81e
  languageName: node
  linkType: hard

"@types/node@npm:^14.11.2":
  version: 14.18.35
  resolution: "@types/node@npm:14.18.35"
  checksum: edaeea2735aa62a12b9f67311ef6efdb960560e055dc127a658b3571e0bbd52e020bd570227362bf255cd156ddfae18c18205515f1fb3599e34c06a914f167a1
  languageName: node
  linkType: hard

"prettier@npm:^2.1.2":
  version: 2.8.1
  resolution: "prettier@npm:2.8.1"
  bin:
    prettier: bin-prettier.js
  checksum: 4f21a0f1269f76fb36f54e9a8a1ea4c11e27478958bf860661fb4b6d7ac69aac1581f8724fa98ea3585e56d42a2ea317a17ff6e3324f40cb11ff9e20b73785cc
  languageName: node
  linkType: hard

"typescript@npm:^4.0.3":
  version: 4.9.4
  resolution: "typescript@npm:4.9.4"
  bin:
    tsc: bin/tsc
    tsserver: bin/tsserver
  checksum: e782fb9e0031cb258a80000f6c13530288c6d63f1177ed43f770533fdc15740d271554cdae86701c1dd2c83b082cea808b07e97fd68b38a172a83dbf9e0d0ef9
  languageName: node
  linkType: hard

"typescript@patch:typescript@^4.0.3#~builtin<compat/typescript>":
  version: 4.9.4
  resolution: "typescript@patch:typescript@npm%3A4.9.4#~builtin<compat/typescript>::version=4.9.4&hash=d73830"
  bin:
    tsc: bin/tsc
    tsserver: bin/tsserver
  checksum: 37f6e2c3c5e2aa5934b85b0fddbf32eeac8b1bacf3a5b51d01946936d03f5377fe86255d4e5a4ae628fd0cd553386355ad362c57f13b4635064400f3e8e05b9d
  languageName: node
  linkType: hard
